
Microsoft Visual Studio Solution File, Format Version 12.00
# Visual Studio Version 16
VisualStudioVersion = 16.0.31702.278
MinimumVisualStudioVersion = 10.0.40219.1
Project("{FAE04EC0-301F-11D3-BF4B-00C04F79EFBC}") = "FileSplitter", "FileSplitter\FileSplitter.csproj", "{6B135A65-59F3-42E6-8861-5913245C1C87}"
EndProject
Global
	GlobalSection(SolutionConfigurationPlatforms) = preSolution
		Debug|Any CPU = Debug|Any CPU
		Release|Any CPU = Release|Any CPU
	EndGlobalSection
	GlobalSection(ProjectConfigurationPlatforms) = postSolution
		{6B135A65-59F3-42E6-8861-5913245C1C87}.Debug|Any CPU.ActiveCfg = Debug|Any CPU
		{6B135A65-59F3-42E6-8861-5913245C1C87}.Debug|Any CPU.Build.0 = Debug|Any CPU
		{6B135A65-59F3-42E6-8861-5913245C1C87}.Release|Any CPU.ActiveCfg = Release|Any CPU
		{6B135A65-59F3-42E6-8861-5913245C1C87}.Release|Any CPU.Build.0 = Release|Any CPU
	EndGlobalSection
	GlobalSection(SolutionProperties) = preSolution
		HideSolutionNode = FALSE
	EndGlobalSection
	GlobalSection(ExtensibilityGlobals) = postSolution
		SolutionGuid = {176469FD-6EA3-4637-989A-B10EEBFA6822}
	EndGlobalSection
EndGlobal
